{
  "name": "websocket-chatroom",
  "version": "1.0.0",
  "lockfileVersion": 1,
  "requires": true,
  "dependencies": {
    "async-limiter": {
      "version": "1.0.0",
      "resolved": "http://npm.envisioncn.com:7001/async-limiter/download/async-limiter-1.0.0.tgz",
      "integrity": "sha1-ePrtjD0HSrgfIrTphdeehzj3IPg=",
      "dev": true
    },
    "ws": {
      "version": "6.1.4",
      "resolved": "http://npm.envisioncn.com:7001/ws/download/ws-6.1.4.tgz",
      "integrity": "sha1-W1yIAK+rkl6UzLKdFTyNAsF3bvk=",
      "dev": true,
      "requires": {
        "async-limiter": "~1.0.0"
      }
    }
  }
}
